
Microsoft Visual Studio Solution File, Format Version 12.00
# Visual Studio Version 16
VisualStudioVersion = 16.0.29613.14
MinimumVisualStudioVersion = 10.0.40219.1
Project("{FAE04EC0-301F-11D3-BF4B-00C04F79EFBC}") = "Formula1Poll", "Formula1Poll\Formula1Poll.csproj", "{EA032208-1318-469B-8D4B-842E8A93971E}"
EndProject
Global
	GlobalSection(SolutionConfigurationPlatforms) = preSolution
		Debug|Any CPU = Debug|Any CPU
		Release|Any CPU = Release|Any CPU
	EndGlobalSection
	GlobalSection(ProjectConfigurationPlatforms) = postSolution
		{EA032208-1318-469B-8D4B-842E8A93971E}.Debug|Any CPU.ActiveCfg = Debug|Any CPU
		{EA032208-1318-469B-8D4B-842E8A93971E}.Debug|Any CPU.Build.0 = Debug|Any CPU
		{EA032208-1318-469B-8D4B-842E8A93971E}.Release|Any CPU.ActiveCfg = Release|Any CPU
		{EA032208-1318-469B-8D4B-842E8A93971E}.Release|Any CPU.Build.0 = Release|Any CPU
	EndGlobalSection
	GlobalSection(SolutionProperties) = preSolution
		HideSolutionNode = FALSE
	EndGlobalSection
	GlobalSection(ExtensibilityGlobals) = postSolution
		SolutionGuid = {3534B649-3144-411A-A4D5-CCC338D22BFC}
	EndGlobalSection
EndGlobal
